
Microsoft Visual Studio Solution File, Format Version 12.00
# Visual Studio 2017
Project("{FAE04EC0-301F-11D3-BF4B-00C04F79EFBC}") = "UnityStudy", "UnityStudy.csproj", "{66B55E9F-76CE-0788-B9B4-E37C0240F328}"
EndProject
Project("{FAE04EC0-301F-11D3-BF4B-00C04F79EFBC}") = "UnityStudy.Plugins", "UnityStudy.Plugins.csproj", "{788FBF46-DADE-0713-1AC0-FEBE67BBF571}"
EndProject
Project("{FAE04EC0-301F-11D3-BF4B-00C04F79EFBC}") = "UnityStudy.Editor.Plugins", "UnityStudy.Editor.Plugins.csproj", "{6FD53B0A-37F0-D843-A8F0-7C51E752D1DE}"
EndProject
Global
	GlobalSection(SolutionConfigurationPlatforms) = preSolution
		Debug|Any CPU = Debug|Any CPU
		Release|Any CPU = Release|Any CPU
	EndGlobalSection
	GlobalSection(ProjectConfigurationPlatforms) = postSolution
		{66B55E9F-76CE-0788-B9B4-E37C0240F328}.Debug|Any CPU.ActiveCfg = Debug|Any CPU
		{66B55E9F-76CE-0788-B9B4-E37C0240F328}.Debug|Any CPU.Build.0 = Debug|Any CPU
		{66B55E9F-76CE-0788-B9B4-E37C0240F328}.Release|Any CPU.ActiveCfg = Release|Any CPU
		{66B55E9F-76CE-0788-B9B4-E37C0240F328}.Release|Any CPU.Build.0 = Release|Any CPU
		{788FBF46-DADE-0713-1AC0-FEBE67BBF571}.Debug|Any CPU.ActiveCfg = Debug|Any CPU
		{788FBF46-DADE-0713-1AC0-FEBE67BBF571}.Debug|Any CPU.Build.0 = Debug|Any CPU
		{788FBF46-DADE-0713-1AC0-FEBE67BBF571}.Release|Any CPU.ActiveCfg = Release|Any CPU
		{788FBF46-DADE-0713-1AC0-FEBE67BBF571}.Release|Any CPU.Build.0 = Release|Any CPU
		{6FD53B0A-37F0-D843-A8F0-7C51E752D1DE}.Debug|Any CPU.ActiveCfg = Debug|Any CPU
		{6FD53B0A-37F0-D843-A8F0-7C51E752D1DE}.Debug|Any CPU.Build.0 = Debug|Any CPU
		{6FD53B0A-37F0-D843-A8F0-7C51E752D1DE}.Release|Any CPU.ActiveCfg = Release|Any CPU
		{6FD53B0A-37F0-D843-A8F0-7C51E752D1DE}.Release|Any CPU.Build.0 = Release|Any CPU
	EndGlobalSection
	GlobalSection(SolutionProperties) = preSolution
		HideSolutionNode = FALSE
	EndGlobalSection
EndGlobal
