
Microsoft Visual Studio Solution File, Format Version 12.00
# Visual Studio 2017
Project("{FAE04EC0-301F-11D3-BF4B-00C04F79EFBC}") = "MapEditor", "MapEditor.csproj", "{4AC50919-76EB-8813-D6C3-5C1E3F4AB90C}"
EndProject
Global
	GlobalSection(SolutionConfigurationPlatforms) = preSolution
		Debug|Any CPU = Debug|Any CPU
		Release|Any CPU = Release|Any CPU
	EndGlobalSection
	GlobalSection(ProjectConfigurationPlatforms) = postSolution
		{4AC50919-76EB-8813-D6C3-5C1E3F4AB90C}.Debug|Any CPU.ActiveCfg = Debug|Any CPU
		{4AC50919-76EB-8813-D6C3-5C1E3F4AB90C}.Debug|Any CPU.Build.0 = Debug|Any CPU
		{4AC50919-76EB-8813-D6C3-5C1E3F4AB90C}.Release|Any CPU.ActiveCfg = Release|Any CPU
		{4AC50919-76EB-8813-D6C3-5C1E3F4AB90C}.Release|Any CPU.Build.0 = Release|Any CPU
	EndGlobalSection
	GlobalSection(SolutionProperties) = preSolution
		HideSolutionNode = FALSE
	EndGlobalSection
EndGlobal
